# THIS IS AN AUTOGENERATED FILE. DO NOT EDIT THIS FILE DIRECTLY.
# yarn lockfile v1


"@types/node@^14.0.26":
  version "14.14.43"
  resolved "https://registry.yarnpkg.com/@types/node/-/node-14.14.43.tgz#26bcbb0595b305400e8ceaf9a127a7f905ae49c8"
  integrity sha512-3pwDJjp1PWacPTpH0LcfhgjvurQvrZFBrC6xxjaUEZ7ifUtT32jtjPxEMMblpqd2Mvx+k8haqQJLQxolyGN/cQ==

"@types/node@^15.0.1":
  version "15.0.1"
  resolved "https://registry.yarnpkg.com/@types/node/-/node-15.0.1.tgz#ef34dea0881028d11398be5bf4e856743e3dc35a"
  integrity sha512-TMkXt0Ck1y0KKsGr9gJtWGjttxlZnnvDtphxUOSd0bfaR6Q1jle+sPvrzNR1urqYTWMinoKvjKfXUGsumaO1PA==

nats@^2.0.2:
  version "2.0.2"
  resolved "https://registry.yarnpkg.com/nats/-/nats-2.0.2.tgz#ee1e32e51124ce533077b98b4370b1b81455233b"
  integrity sha512-fKjwJBvnrEDJWrIU5gPIp2zutTqCZETLv+icUi6bV1Jb0FetOfsE2U2HL1k6Y7VooPVN8/kxXmW9Z0xQod/jNQ==
  dependencies:
    nkeys.js "^1.0.0-9"

nkeys.js@^1.0.0-9:
  version "1.0.0-9"
  resolved "https://registry.yarnpkg.com/nkeys.js/-/nkeys.js-1.0.0-9.tgz#c804acb061a5c4a61e8667adbf15bfd2978285ad"
  integrity sha512-m9O0NQT+3rUe1om6MWpxV77EuHql/LdorDH+FYQkoeARcM2V0sQ89kM36fArWaHWq/25EmNmQUW0MhLTcbqW1A==
  dependencies:
    "@types/node" "^14.0.26"
    tweetnacl "^1.0.3"

tweetnacl@^1.0.3:
  version "1.0.3"
  resolved "https://registry.yarnpkg.com/tweetnacl/-/tweetnacl-1.0.3.tgz#ac0af71680458d8a6378d0d0d050ab1407d35596"
  integrity sha512-6rt+RN7aOi1nGMyC4Xa5DdYiukl2UWCbcJft7YhxReBGQD7OAM8Pbxw6YMo4r2diNEA8FEmu32YOn9rhaiE5yw==
